
Microsoft Visual Studio Solution File, Format Version 12.00
# Visual Studio Version 17
VisualStudioVersion = 17.2.32505.173
MinimumVisualStudioVersion = 10.0.40219.1
Project("{FAE04EC0-301F-11D3-BF4B-00C04F79EFBC}") = "lab1_izobr", "lab1_izobr\lab1_izobr.csproj", "{71013D75-0974-4CB2-82F4-02F6A27FA159}"
EndProject
Global
	GlobalSection(SolutionConfigurationPlatforms) = preSolution
		Debug|Any CPU = Debug|Any CPU
		Release|Any CPU = Release|Any CPU
	EndGlobalSection
	GlobalSection(ProjectConfigurationPlatforms) = postSolution
		{71013D75-0974-4CB2-82F4-02F6A27FA159}.Debug|Any CPU.ActiveCfg = Debug|Any CPU
		{71013D75-0974-4CB2-82F4-02F6A27FA159}.Debug|Any CPU.Build.0 = Debug|Any CPU
		{71013D75-0974-4CB2-82F4-02F6A27FA159}.Release|Any CPU.ActiveCfg = Release|Any CPU
		{71013D75-0974-4CB2-82F4-02F6A27FA159}.Release|Any CPU.Build.0 = Release|Any CPU
	EndGlobalSection
	GlobalSection(SolutionProperties) = preSolution
		HideSolutionNode = FALSE
	EndGlobalSection
	GlobalSection(ExtensibilityGlobals) = postSolution
		SolutionGuid = {E9FBEBB1-647C-48C6-91EA-295211C9CBBF}
	EndGlobalSection
EndGlobal
